
Microsoft Visual Studio Solution File, Format Version 12.00
# Visual Studio 2013
VisualStudioVersion = 12.0.30501.0
MinimumVisualStudioVersion = 10.0.40219.1
Project("{F184B08F-C81C-45F6-A57F-5ABD9991F28F}") = "Reliance Automation", "Reliance Automation\Reliance Automation.vbproj", "{0B10E631-E03F-4F73-992C-ECA81EB34DB8}"
EndProject
Global
	GlobalSection(SolutionConfigurationPlatforms) = preSolution
		Debug|Any CPU = Debug|Any CPU
		Release|Any CPU = Release|Any CPU
	EndGlobalSection
	GlobalSection(ProjectConfigurationPlatforms) = postSolution
		{0B10E631-E03F-4F73-992C-ECA81EB34DB8}.Debug|Any CPU.ActiveCfg = Debug|Any CPU
		{0B10E631-E03F-4F73-992C-ECA81EB34DB8}.Debug|Any CPU.Build.0 = Debug|Any CPU
		{0B10E631-E03F-4F73-992C-ECA81EB34DB8}.Release|Any CPU.ActiveCfg = Release|Any CPU
		{0B10E631-E03F-4F73-992C-ECA81EB34DB8}.Release|Any CPU.Build.0 = Release|Any CPU
	EndGlobalSection
	GlobalSection(SolutionProperties) = preSolution
		HideSolutionNode = FALSE
	EndGlobalSection
EndGlobal
